// !$*UTF8*$!
{
	archiveVersion = 1;
	classes = {
	};
	objectVersion = 51;
	objects = {

/* Begin PBXBuildFile section */
		0E289FDB25AA3C70001814C8 /* JeuAmbianceView.swift in Sources */ = {isa = PBXBuildFile; fileRef = 0E289FDA25AA3C70001814C8 /* JeuAmbianceView.swift */; };
		0E289FEE25AA52C3001814C8 /* HomeScreenView.swift in Sources */ = {isa = PBXBuildFile; fileRef = 0E289FED25AA52C3001814C8 /* HomeScreenView.swift */; };
		0E52303325A78AB900734062 /* AppDelegate.swift in Sources */ = {isa = PBXBuildFile; fileRef = 0E52303225A78AB900734062 /* AppDelegate.swift */; };
		0E52303525A78AB900734062 /* SceneDelegate.swift in Sources */ = {isa = PBXBuildFile; fileRef = 0E52303425A78AB900734062 /* SceneDelegate.swift */; };
		0E52303725A78AB900734062 /* ContentView.swift in Sources */ = {isa = PBXBuildFile; fileRef = 0E52303625A78AB900734062 /* ContentView.swift */; };
		0E52303925A78ABA00734062 /* Assets.xcassets in Resources */ = {isa = PBXBuildFile; fileRef = 0E52303825A78ABA00734062 /* Assets.xcassets */; };
		0E52303C25A78ABA00734062 /* Preview Assets.xcassets in Resources */ = {isa = PBXBuildFile; fileRef = 0E52303B25A78ABA00734062 /* Preview Assets.xcassets */; };
		0E52303F25A78ABA00734062 /* LaunchScreen.storyboard in Resources */ = {isa = PBXBuildFile; fileRef = 0E52303D25A78ABA00734062 /* LaunchScreen.storyboard */; };
		0E52304925A79F0400734062 /* logo.png in Resources */ = {isa = PBXBuildFile; fileRef = 0E52304825A79F0400734062 /* logo.png */; };
		0E52305725A8CC7B00734062 /* GoogleService-Info.plist in Resources */ = {isa = PBXBuildFile; fileRef = 0E52305625A8CC7B00734062 /* GoogleService-Info.plist */; };
		0E52305925A8CD4100734062 /* Pods_AmbianceMusicale_Baudin_Giraud.framework in Frameworks */ = {isa = PBXBuildFile; fileRef = ABBCDB242D925D128BFFB582 /* Pods_AmbianceMusicale_Baudin_Giraud.framework */; };
		0E52305A25A8CD4100734062 /* Pods_AmbianceMusicale_Baudin_Giraud.framework in Embed Frameworks */ = {isa = PBXBuildFile; fileRef = ABBCDB242D925D128BFFB582 /* Pods_AmbianceMusicale_Baudin_Giraud.framework */; settings = {ATTRIBUTES = (CodeSignOnCopy, RemoveHeadersOnCopy, ); }; };
/* End PBXBuildFile section */

/* Begin PBXCopyFilesBuildPhase section */
		0E52305B25A8CD4100734062 /* Embed Frameworks */ = {
			isa = PBXCopyFilesBuildPhase;
			buildActionMask = 2147483647;
			dstPath = "";
			dstSubfolderSpec = 10;
			files = (
				0E52305A25A8CD4100734062 /* Pods_AmbianceMusicale_Baudin_Giraud.framework in Embed Frameworks */,
			);
			name = "Embed Frameworks";
			runOnlyForDeploymentPostprocessing = 0;
		};
/* End PBXCopyFilesBuildPhase section */

/* Begin PBXFileReference section */
		0E289FDA25AA3C70001814C8 /* JeuAmbianceView.swift */ = {isa = PBXFileReference; lastKnownFileType = sourcecode.swift; path = JeuAmbianceView.swift; sourceTree = "<group>"; };
		0E289FED25AA52C3001814C8 /* HomeScreenView.swift */ = {isa = PBXFileReference; lastKnownFileType = sourcecode.swift; path = HomeScreenView.swift; sourceTree = "<group>"; };
		0E52302F25A78AB900734062 /* AmbianceMusicale_Baudin_Giraud.app */ = {isa = PBXFileReference; explicitFileType = wrapper.application; includeInIndex = 0; path = AmbianceMusicale_Baudin_Giraud.app; sourceTree = BUILT_PRODUCTS_DIR; };
		0E52303225A78AB900734062 /* AppDelegate.swift */ = {isa = PBXFileReference; lastKnownFileType = sourcecode.swift; path = AppDelegate.swift; sourceTree = "<group>"; };
		0E52303425A78AB900734062 /* SceneDelegate.swift */ = {isa = PBXFileReference; lastKnownFileType = sourcecode.swift; path = SceneDelegate.swift; sourceTree = "<group>"; };
		0E52303625A78AB900734062 /* ContentView.swift */ = {isa = PBXFileReference; lastKnownFileType = sourcecode.swift; path = ContentView.swift; sourceTree = "<group>"; };
		0E52303825A78ABA00734062 /* Assets.xcassets */ = {isa = PBXFileReference; lastKnownFileType = folder.assetcatalog; path = Assets.xcassets; sourceTree = "<group>"; };
		0E52303B25A78ABA00734062 /* Preview Assets.xcassets */ = {isa = PBXFileReference; lastKnownFileType = folder.assetcatalog; path = "Preview Assets.xcassets"; sourceTree = "<group>"; };
		0E52303E25A78ABA00734062 /* Base */ = {isa = PBXFileReference; lastKnownFileType = file.storyboard; name = Base; path = Base.lproj/LaunchScreen.storyboard; sourceTree = "<group>"; };
		0E52304025A78ABA00734062 /* Info.plist */ = {isa = PBXFileReference; lastKnownFileType = text.plist.xml; path = Info.plist; sourceTree = "<group>"; };
		0E52304825A79F0400734062 /* logo.png */ = {isa = PBXFileReference; lastKnownFileType = image.png; name = logo.png; path = ../../../Downloads/logo.png; sourceTree = "<group>"; };
		0E52305625A8CC7B00734062 /* GoogleService-Info.plist */ = {isa = PBXFileReference; fileEncoding = 4; lastKnownFileType = text.plist.xml; name = "GoogleService-Info.plist"; path = "../../../Downloads/GoogleService-Info.plist"; sourceTree = "<group>"; };
		4AE3E5B62067E287F1823490 /* Pods-AmbianceMusicale_Baudin_Giraud.debug.xcconfig */ = {isa = PBXFileReference; includeInIndex = 1; lastKnownFileType = text.xcconfig; name = "Pods-AmbianceMusicale_Baudin_Giraud.debug.xcconfig"; path = "Target Support Files/Pods-AmbianceMusicale_Baudin_Giraud/Pods-AmbianceMusicale_Baudin_Giraud.debug.xcconfig"; sourceTree = "<group>"; };
		8C032577C9B041A9DC70F7C9 /* Pods-AmbianceMusicale_Baudin_Giraud.release.xcconfig */ = {isa = PBXFileReference; includeInIndex = 1; lastKnownFileType = text.xcconfig; name = "Pods-AmbianceMusicale_Baudin_Giraud.release.xcconfig"; path = "Target Support Files/Pods-AmbianceMusicale_Baudin_Giraud/Pods-AmbianceMusicale_Baudin_Giraud.release.xcconfig"; sourceTree = "<group>"; };
		ABBCDB242D925D128BFFB582 /* Pods_AmbianceMusicale_Baudin_Giraud.framework */ = {isa = PBXFileReference; explicitFileType = wrapper.framework; includeInIndex = 0; path = Pods_AmbianceMusicale_Baudin_Giraud.framework; sourceTree = BUILT_PRODUCTS_DIR; };
/* End PBXFileReference section */

/* Begin PBXFrameworksBuildPhase section */
		0E52302C25A78AB900734062 /* Frameworks */ = {
			isa = PBXFrameworksBuildPhase;
			buildActionMask = 2147483647;
			files = (
				0E52305925A8CD4100734062 /* Pods_AmbianceMusicale_Baudin_Giraud.framework in Frameworks */,
			);
			runOnlyForDeploymentPostprocessing = 0;
		};
/* End PBXFrameworksBuildPhase section */

/* Begin PBXGroup section */
		0E52302625A78AB900734062 = {
			isa = PBXGroup;
			children = (
				0E52303125A78AB900734062 /* AmbianceMusicale_Baudin_Giraud */,
				0E52303025A78AB900734062 /* Products */,
				493C18C8B617AD3DDB65002D /* Pods */,
				86AC48A3119F5DE4B450925E /* Frameworks */,
			);
			sourceTree = "<group>";
		};
		0E52303025A78AB900734062 /* Products */ = {
			isa = PBXGroup;
			children = (
				0E52302F25A78AB900734062 /* AmbianceMusicale_Baudin_Giraud.app */,
			);
			name = Products;
			sourceTree = "<group>";
		};
		0E52303125A78AB900734062 /* AmbianceMusicale_Baudin_Giraud */ = {
			isa = PBXGroup;
			children = (
				0E52305625A8CC7B00734062 /* GoogleService-Info.plist */,
				0E52303225A78AB900734062 /* AppDelegate.swift */,
				0E52303425A78AB900734062 /* SceneDelegate.swift */,
				0E52303625A78AB900734062 /* ContentView.swift */,
				0E52303825A78ABA00734062 /* Assets.xcassets */,
				0E52303D25A78ABA00734062 /* LaunchScreen.storyboard */,
				0E52304025A78ABA00734062 /* Info.plist */,
				0E52304825A79F0400734062 /* logo.png */,
				0E52303A25A78ABA00734062 /* Preview Content */,
				0E289FDA25AA3C70001814C8 /* JeuAmbianceView.swift */,
				0E289FED25AA52C3001814C8 /* HomeScreenView.swift */,
			);
			path = AmbianceMusicale_Baudin_Giraud;
			sourceTree = "<group>";
		};
		0E52303A25A78ABA00734062 /* Preview Content */ = {
			isa = PBXGroup;
			children = (
				0E52303B25A78ABA00734062 /* Preview Assets.xcassets */,
			);
			path = "Preview Content";
			sourceTree = "<group>";
		};
		493C18C8B617AD3DDB65002D /* Pods */ = {
			isa = PBXGroup;
			children = (
				4AE3E5B62067E287F1823490 /* Pods-AmbianceMusicale_Baudin_Giraud.debug.xcconfig */,
				8C032577C9B041A9DC70F7C9 /* Pods-AmbianceMusicale_Baudin_Giraud.release.xcconfig */,
			);
			path = Pods;
			sourceTree = "<group>";
		};
		86AC48A3119F5DE4B450925E /* Frameworks */ = {
			isa = PBXGroup;
			children = (
				ABBCDB242D925D128BFFB582 /* Pods_AmbianceMusicale_Baudin_Giraud.framework */,
			);
			name = Frameworks;
			sourceTree = "<group>";
		};
/* End PBXGroup section */

/* Begin PBXNativeTarget section */
		0E52302E25A78AB900734062 /* AmbianceMusicale_Baudin_Giraud */ = {
			isa = PBXNativeTarget;
			buildConfigurationList = 0E52304325A78ABA00734062 /* Build configuration list for PBXNativeTarget "AmbianceMusicale_Baudin_Giraud" */;
			buildPhases = (
				8709A427C3C88C064E891DF7 /* [CP] Check Pods Manifest.lock */,
				0E52302B25A78AB900734062 /* Sources */,
				0E52302C25A78AB900734062 /* Frameworks */,
				0E52302D25A78AB900734062 /* Resources */,
				D6A0819562DDDCAA781FFEAA /* [CP] Embed Pods Frameworks */,
				0E52305B25A8CD4100734062 /* Embed Frameworks */,
			);
			buildRules = (
			);
			dependencies = (
			);
			name = AmbianceMusicale_Baudin_Giraud;
			productName = AmbianceMusicale_Baudin_Giraud;
			productReference = 0E52302F25A78AB900734062 /* AmbianceMusicale_Baudin_Giraud.app */;
			productType = "com.apple.product-type.application";
		};
/* End PBXNativeTarget section */

/* Begin PBXProject section */
		0E52302725A78AB900734062 /* Project object */ = {
			isa = PBXProject;
			attributes = {
				LastSwiftUpdateCheck = 1230;
				LastUpgradeCheck = 1230;
				TargetAttributes = {
					0E52302E25A78AB900734062 = {
						CreatedOnToolsVersion = 12.3;
					};
				};
			};
			buildConfigurationList = 0E52302A25A78AB900734062 /* Build configuration list for PBXProject "AmbianceMusicale_Baudin_Giraud" */;
			compatibilityVersion = "Xcode 9.3";
			developmentRegion = en;
			hasScannedForEncodings = 0;
			knownRegions = (
				en,
				Base,
			);
			mainGroup = 0E52302625A78AB900734062;
			productRefGroup = 0E52303025A78AB900734062 /* Products */;
			projectDirPath = "";
			projectRoot = "";
			targets = (
				0E52302E25A78AB900734062 /* AmbianceMusicale_Baudin_Giraud */,
			);
		};
/* End PBXProject section */

/* Begin PBXResourcesBuildPhase section */
		0E52302D25A78AB900734062 /* Resources */ = {
			isa = PBXResourcesBuildPhase;
			buildActionMask = 2147483647;
			files = (
				0E52304925A79F0400734062 /* logo.png in Resources */,
				0E52303F25A78ABA00734062 /* LaunchScreen.storyboard in Resources */,
				0E52305725A8CC7B00734062 /* GoogleService-Info.plist in Resources */,
				0E52303C25A78ABA00734062 /* Preview Assets.xcassets in Resources */,
				0E52303925A78ABA00734062 /* Assets.xcassets in Resources */,
			);
			runOnlyForDeploymentPostprocessing = 0;
		};
/* End PBXResourcesBuildPhase section */

/* Begin PBXShellScriptBuildPhase section */
		8709A427C3C88C064E891DF7 /* [CP] Check Pods Manifest.lock */ = {
			isa = PBXShellScriptBuildPhase;
			buildActionMask = 2147483647;
			files = (
			);
			inputFileListPaths = (
			);
			inputPaths = (
				"${PODS_PODFILE_DIR_PATH}/Podfile.lock",
				"${PODS_ROOT}/Manifest.lock",
			);
			name = "[CP] Check Pods Manifest.lock";
			outputFileListPaths = (
			);
			outputPaths = (
				"$(DERIVED_FILE_DIR)/Pods-AmbianceMusicale_Baudin_Giraud-checkManifestLockResult.txt",
			);
			runOnlyForDeploymentPostprocessing = 0;
			shellPath = /bin/sh;
			shellScript = "diff \"${PODS_PODFILE_DIR_PATH}/Podfile.lock\" \"${PODS_ROOT}/Manifest.lock\" > /dev/null\nif [ $? != 0 ] ; then\n    # print error to STDERR\n    echo \"error: The sandbox is not in sync with the Podfile.lock. Run 'pod install' or update your CocoaPods installation.\" >&2\n    exit 1\nfi\n# This output is used by Xcode 'outputs' to avoid re-running this script phase.\necho \"SUCCESS\" > \"${SCRIPT_OUTPUT_FILE_0}\"\n";
			showEnvVarsInLog = 0;
		};
		D6A0819562DDDCAA781FFEAA /* [CP] Embed Pods Frameworks */ = {
			isa = PBXShellScriptBuildPhase;
			buildActionMask = 2147483647;
			files = (
			);
			inputFileListPaths = (
				"${PODS_ROOT}/Target Support Files/Pods-AmbianceMusicale_Baudin_Giraud/Pods-AmbianceMusicale_Baudin_Giraud-frameworks-${CONFIGURATION}-input-files.xcfilelist",
			);
			name = "[CP] Embed Pods Frameworks";
			outputFileListPaths = (
				"${PODS_ROOT}/Target Support Files/Pods-AmbianceMusicale_Baudin_Giraud/Pods-AmbianceMusicale_Baudin_Giraud-frameworks-${CONFIGURATION}-output-files.xcfilelist",
			);
			runOnlyForDeploymentPostprocessing = 0;
			shellPath = /bin/sh;
			shellScript = "\"${PODS_ROOT}/Target Support Files/Pods-AmbianceMusicale_Baudin_Giraud/Pods-AmbianceMusicale_Baudin_Giraud-frameworks.sh\"\n";
			showEnvVarsInLog = 0;
		};
/* End PBXShellScriptBuildPhase section */

/* Begin PBXSourcesBuildPhase section */
		0E52302B25A78AB900734062 /* Sources */ = {
			isa = PBXSourcesBuildPhase;
			buildActionMask = 2147483647;
			files = (
				0E52303325A78AB900734062 /* AppDelegate.swift in Sources */,
				0E52303525A78AB900734062 /* SceneDelegate.swift in Sources */,
				0E289FEE25AA52C3001814C8 /* HomeScreenView.swift in Sources */,
				0E52303725A78AB900734062 /* ContentView.swift in Sources */,
				0E289FDB25AA3C70001814C8 /* JeuAmbianceView.swift in Sources */,
			);
			runOnlyForDeploymentPostprocessing = 0;
		};
/* End PBXSourcesBuildPhase section */

/* Begin PBXVariantGroup section */
		0E52303D25A78ABA00734062 /* LaunchScreen.storyboard */ = {
			isa = PBXVariantGroup;
			children = (
				0E52303E25A78ABA00734062 /* Base */,
			);
			name = LaunchScreen.storyboard;
			sourceTree = "<group>";
		};
/* End PBXVariantGroup section */

/* Begin XCBuildConfiguration section */
		0E52304125A78ABA00734062 /* Debug */ = {
			isa = XCBuildConfiguration;
			buildSettings = {
				ALWAYS_SEARCH_USER_PATHS = NO;
				CLANG_ANALYZER_NONNULL = YES;
				CLANG_ANALYZER_NUMBER_OBJECT_CONVERSION = YES_AGGRESSIVE;
				CLANG_CXX_LANGUAGE_STANDARD = "gnu++14";
				CLANG_CXX_LIBRARY = "libc++";
				CLANG_ENABLE_MODULES = YES;
				CLANG_ENABLE_OBJC_ARC = YES;
				CLANG_ENABLE_OBJC_WEAK = YES;
				CLANG_WARN_BLOCK_CAPTURE_AUTORELEASING = YES;
				CLANG_WARN_BOOL_CONVERSION = YES;
				CLANG_WARN_COMMA = YES;
				CLANG_WARN_CONSTANT_CONVERSION = YES;
				CLANG_WARN_DEPRECATED_OBJC_IMPLEMENTATIONS = YES;
				CLANG_WARN_DIRECT_OBJC_ISA_USAGE = YES_ERROR;
				CLANG_WARN_DOCUMENTATION_COMMENTS = YES;
				CLANG_WARN_EMPTY_BODY = YES;
				CLANG_WARN_ENUM_CONVERSION = YES;
				CLANG_WARN_INFINITE_RECURSION = YES;
				CLANG_WARN_INT_CONVERSION = YES;
				CLANG_WARN_NON_LITERAL_NULL_CONVERSION = YES;
				CLANG_WARN_OBJC_IMPLICIT_RETAIN_SELF = YES;
				CLANG_WARN_OBJC_LITERAL_CONVERSION = YES;
				CLANG_WARN_OBJC_ROOT_CLASS = YES_ERROR;
				CLANG_WARN_QUOTED_INCLUDE_IN_FRAMEWORK_HEADER = YES;
				CLANG_WARN_RANGE_LOOP_ANALYSIS = YES;
				CLANG_WARN_STRICT_PROTOTYPES = YES;
				CLANG_WARN_SUSPICIOUS_MOVE = YES;
				CLANG_WARN_UNGUARDED_AVAILABILITY = YES_AGGRESSIVE;
				CLANG_WARN_UNREACHABLE_CODE = YES;
				CLANG_WARN__DUPLICATE_METHOD_MATCH = YES;
				COPY_PHASE_STRIP = NO;
				DEBUG_INFORMATION_FORMAT = dwarf;
				ENABLE_STRICT_OBJC_MSGSEND = YES;
				ENABLE_TESTABILITY = YES;
				GCC_C_LANGUAGE_STANDARD = gnu11;
				GCC_DYNAMIC_NO_PIC = NO;
				GCC_NO_COMMON_BLOCKS = YES;
				GCC_OPTIMIZATION_LEVEL = 0;
				GCC_PREPROCESSOR_DEFINITIONS = (
					"DEBUG=1",
					"$(inherited)",
				);
				GCC_WARN_64_TO_32_BIT_CONVERSION = YES;
				GCC_WARN_ABOUT_RETURN_TYPE = YES_ERROR;
				GCC_WARN_UNDECLARED_SELECTOR = YES;
				GCC_WARN_UNINITIALIZED_AUTOS = YES_AGGRESSIVE;
				GCC_WARN_UNUSED_FUNCTION = YES;
				GCC_WARN_UNUSED_VARIABLE = YES;
				IPHONEOS_DEPLOYMENT_TARGET = 14.3;
				MTL_ENABLE_DEBUG_INFO = INCLUDE_SOURCE;
				MTL_FAST_MATH = YES;
				ONLY_ACTIVE_ARCH = YES;
				SDKROOT = iphoneos;
				SWIFT_ACTIVE_COMPILATION_CONDITIONS = DEBUG;
				SWIFT_OPTIMIZATION_LEVEL = "-Onone";
			};
			name = Debug;
		};
		0E52304225A78ABA00734062 /* Release */ = {
			isa = XCBuildConfiguration;
			buildSettings = {
				ALWAYS_SEARCH_USER_PATHS = NO;
				CLANG_ANALYZER_NONNULL = YES;
				CLANG_ANALYZER_NUMBER_OBJECT_CONVERSION = YES_AGGRESSIVE;
				CLANG_CXX_LANGUAGE_STANDARD = "gnu++14";
				CLANG_CXX_LIBRARY = "libc++";
				CLANG_ENABLE_MODULES = YES;
				CLANG_ENABLE_OBJC_ARC = YES;
				CLANG_ENABLE_OBJC_WEAK = YES;
				CLANG_WARN_BLOCK_CAPTURE_AUTORELEASING = YES;
				CLANG_WARN_BOOL_CONVERSION = YES;
				CLANG_WARN_COMMA = YES;
				CLANG_WARN_CONSTANT_CONVERSION = YES;
				CLANG_WARN_DEPRECATED_OBJC_IMPLEMENTATIONS = YES;
				CLANG_WARN_DIRECT_OBJC_ISA_USAGE = YES_ERROR;
				CLANG_WARN_DOCUMENTATION_COMMENTS = YES;
				CLANG_WARN_EMPTY_BODY = YES;
				CLANG_WARN_ENUM_CONVERSION = YES;
				CLANG_WARN_INFINITE_RECURSION = YES;
				CLANG_WARN_INT_CONVERSION = YES;
				CLANG_WARN_NON_LITERAL_NULL_CONVERSION = YES;
				CLANG_WARN_OBJC_IMPLICIT_RETAIN_SELF = YES;
				CLANG_WARN_OBJC_LITERAL_CONVERSION = YES;
				CLANG_WARN_OBJC_ROOT_CLASS = YES_ERROR;
				CLANG_WARN_QUOTED_INCLUDE_IN_FRAMEWORK_HEADER = YES;
				CLANG_WARN_RANGE_LOOP_ANALYSIS = YES;
				CLANG_WARN_STRICT_PROTOTYPES = YES;
				CLANG_WARN_SUSPICIOUS_MOVE = YES;
				CLANG_WARN_UNGUARDED_AVAILABILITY = YES_AGGRESSIVE;
				CLANG_WARN_UNREACHABLE_CODE = YES;
				CLANG_WARN__DUPLICATE_METHOD_MATCH = YES;
				COPY_PHASE_STRIP = NO;
				DEBUG_INFORMATION_FORMAT = "dwarf-with-dsym";
				ENABLE_NS_ASSERTIONS = NO;
				ENABLE_STRICT_OBJC_MSGSEND = YES;
				GCC_C_LANGUAGE_STANDARD = gnu11;
				GCC_NO_COMMON_BLOCKS = YES;
				GCC_WARN_64_TO_32_BIT_CONVERSION = YES;
				GCC_WARN_ABOUT_RETURN_TYPE = YES_ERROR;
				GCC_WARN_UNDECLARED_SELECTOR = YES;
				GCC_WARN_UNINITIALIZED_AUTOS = YES_AGGRESSIVE;
				GCC_WARN_UNUSED_FUNCTION = YES;
				GCC_WARN_UNUSED_VARIABLE = YES;
				IPHONEOS_DEPLOYMENT_TARGET = 14.3;
				MTL_ENABLE_DEBUG_INFO = NO;
				MTL_FAST_MATH = YES;
				SDKROOT = iphoneos;
				SWIFT_COMPILATION_MODE = wholemodule;
				SWIFT_OPTIMIZATION_LEVEL = "-O";
				VALIDATE_PRODUCT = YES;
			};
			name = Release;
		};
		0E52304425A78ABA00734062 /* Debug */ = {
			isa = XCBuildConfiguration;
			baseConfigurationReference = 4AE3E5B62067E287F1823490 /* Pods-AmbianceMusicale_Baudin_Giraud.debug.xcconfig */;
			buildSettings = {
				ASSETCATALOG_COMPILER_APPICON_NAME = AppIcon;
				ASSETCATALOG_COMPILER_GLOBAL_ACCENT_COLOR_NAME = AccentColor;
				CODE_SIGN_STYLE = Automatic;
				DEVELOPMENT_ASSET_PATHS = "\"AmbianceMusicale_Baudin_Giraud/Preview Content\"";
				DEVELOPMENT_TEAM = 9L8S8LMP3C;
				ENABLE_PREVIEWS = YES;
				INFOPLIST_FILE = AmbianceMusicale_Baudin_Giraud/Info.plist;
				IPHONEOS_DEPLOYMENT_TARGET = 14.2;
				LD_RUNPATH_SEARCH_PATHS = (
					"$(inherited)",
					"@executable_path/Frameworks",
				);
				PRODUCT_BUNDLE_IDENTIFIER = "com.example.AmbianceMusicale-Baudin-Giraud";
				PRODUCT_NAME = "$(TARGET_NAME)";
				SWIFT_VERSION = 5.0;
				TARGETED_DEVICE_FAMILY = "1,2";
			};
			name = Debug;
		};
		0E52304525A78ABA00734062 /* Release */ = {
			isa = XCBuildConfiguration;
			baseConfigurationReference = 8C032577C9B041A9DC70F7C9 /* Pods-AmbianceMusicale_Baudin_Giraud.release.xcconfig */;
			buildSettings = {
				ASSETCATALOG_COMPILER_APPICON_NAME = AppIcon;
				ASSETCATALOG_COMPILER_GLOBAL_ACCENT_COLOR_NAME = AccentColor;
				CODE_SIGN_STYLE = Automatic;
				DEVELOPMENT_ASSET_PATHS = "\"AmbianceMusicale_Baudin_Giraud/Preview Content\"";
				DEVELOPMENT_TEAM = 9L8S8LMP3C;
				ENABLE_PREVIEWS = YES;
				INFOPLIST_FILE = AmbianceMusicale_Baudin_Giraud/Info.plist;
				IPHONEOS_DEPLOYMENT_TARGET = 14.2;
				LD_RUNPATH_SEARCH_PATHS = (
					"$(inherited)",
					"@executable_path/Frameworks",
				);
				PRODUCT_BUNDLE_IDENTIFIER = "com.example.AmbianceMusicale-Baudin-Giraud";
				PRODUCT_NAME = "$(TARGET_NAME)";
				SWIFT_VERSION = 5.0;
				TARGETED_DEVICE_FAMILY = "1,2";
			};
			name = Release;
		};
/* End XCBuildConfiguration section */

/* Begin XCConfigurationList section */
		0E52302A25A78AB900734062 /* Build configuration list for PBXProject "AmbianceMusicale_Baudin_Giraud" */ = {
			isa = XCConfigurationList;
			buildConfigurations = (
				0E52304125A78ABA00734062 /* Debug */,
				0E52304225A78ABA00734062 /* Release */,
			);
			defaultConfigurationIsVisible = 0;
			defaultConfigurationName = Release;
		};
		0E52304325A78ABA00734062 /* Build configuration list for PBXNativeTarget "AmbianceMusicale_Baudin_Giraud" */ = {
			isa = XCConfigurationList;
			buildConfigurations = (
				0E52304425A78ABA00734062 /* Debug */,
				0E52304525A78ABA00734062 /* Release */,
			);
			defaultConfigurationIsVisible = 0;
			defaultConfigurationName = Release;
		};
/* End XCConfigurationList section */
	};
	rootObject = 0E52302725A78AB900734062 /* Project object */;
}
